
Microsoft Visual Studio Solution File, Format Version 12.00
# Visual Studio Version 16
VisualStudioVersion = 16.0.29709.97
MinimumVisualStudioVersion = 10.0.40219.1
Project("{FAE04EC0-301F-11D3-BF4B-00C04F79EFBC}") = "DiscordBannerBot", "DiscordBannerBot.csproj", "{20DB855E-022B-4991-80E3-89B12632F24A}"
EndProject
Global
	GlobalSection(SolutionConfigurationPlatforms) = preSolution
		Debug|Any CPU = Debug|Any CPU
		Release|Any CPU = Release|Any CPU
	EndGlobalSection
	GlobalSection(ProjectConfigurationPlatforms) = postSolution
		{20DB855E-022B-4991-80E3-89B12632F24A}.Debug|Any CPU.ActiveCfg = Debug|Any CPU
		{20DB855E-022B-4991-80E3-89B12632F24A}.Debug|Any CPU.Build.0 = Debug|Any CPU
		{20DB855E-022B-4991-80E3-89B12632F24A}.Release|Any CPU.ActiveCfg = Release|Any CPU
		{20DB855E-022B-4991-80E3-89B12632F24A}.Release|Any CPU.Build.0 = Release|Any CPU
	EndGlobalSection
	GlobalSection(SolutionProperties) = preSolution
		HideSolutionNode = FALSE
	EndGlobalSection
	GlobalSection(ExtensibilityGlobals) = postSolution
		SolutionGuid = {87AAD037-8325-4ACC-9074-55ED7BC927A1}
	EndGlobalSection
EndGlobal
